# This file is autogenerated, do not edit; changes may be undone by the next 'dep ensure'.


[[projects]]
  name = "github.com/apache/thrift"
  packages = ["lib/go/thrift"]
  revision = "23d6746079d7b5fdb38214387c63f987e68a6d8f"

[[projects]]
  name = "github.com/opentracing-contrib/go-stdlib"
  packages = ["nethttp"]
  revision = "75e37ae3e209c490d2aa67d8a31fb302fdc38cba"

[[projects]]
  name = "github.com/opentracing/opentracing-go"
  packages = [
    ".",
    "ext",
    "log"
  ]
  revision = "0c3154a3c2ce79d3271985848659870599dfb77c"
  version = "v1.0.0"

[[projects]]
  name = "github.com/uber/jaeger-client-go"
  packages = [
    ".",
    "internal/spanlog",
    "thrift-gen/agent",
    "thrift-gen/sampling",
    "thrift-gen/zipkincore",
    "transport",
    "transport/zipkin",
    "utils"
  ]
  revision = "56e83ddb7942b939086cb0c53cd895c211446e28"

[[projects]]
  name = "golang.org/x/net"
  packages = ["context"]
  revision = "3b993948b6f0e651ffb58ba135d8538a68b1cddf"

[solve-meta]
  analyzer-name = "dep"
  analyzer-version = 1
  inputs-digest = "4bb0bc55da6e0f7c4e35b7854c3826a18c5e582268238a4bbba4034374729eb8"
  solver-name = "gps-cdcl"
  solver-version = 1
